// !$*UTF8*$!
{
	archiveVersion = 1;
	classes = {
	};
	objectVersion = 50;
	objects = {

/* Begin PBXBuildFile section */
		841817D12409F51400E2CEDD /* AppDelegate.swift in Sources */ = {isa = PBXBuildFile; fileRef = 841817D02409F51400E2CEDD /* AppDelegate.swift */; };
		841817D32409F51400E2CEDD /* SceneDelegate.swift in Sources */ = {isa = PBXBuildFile; fileRef = 841817D22409F51400E2CEDD /* SceneDelegate.swift */; };
		841817D52409F51400E2CEDD /* ViewController.swift in Sources */ = {isa = PBXBuildFile; fileRef = 841817D42409F51400E2CEDD /* ViewController.swift */; };
		841817D82409F51400E2CEDD /* Main.storyboard in Resources */ = {isa = PBXBuildFile; fileRef = 841817D62409F51400E2CEDD /* Main.storyboard */; };
		841817DA2409F51600E2CEDD /* Assets.xcassets in Resources */ = {isa = PBXBuildFile; fileRef = 841817D92409F51600E2CEDD /* Assets.xcassets */; };
		841817DD2409F51600E2CEDD /* LaunchScreen.storyboard in Resources */ = {isa = PBXBuildFile; fileRef = 841817DB2409F51600E2CEDD /* LaunchScreen.storyboard */; };
/* End PBXBuildFile section */

/* Begin PBXFileReference section */
		841817CD2409F51400E2CEDD /* FoodTrackFirst1.app */ = {isa = PBXFileReference; explicitFileType = wrapper.application; includeInIndex = 0; path = FoodTrackFirst1.app; sourceTree = BUILT_PRODUCTS_DIR; };
		841817D02409F51400E2CEDD /* AppDelegate.swift */ = {isa = PBXFileReference; lastKnownFileType = sourcecode.swift; path = AppDelegate.swift; sourceTree = "<group>"; };
		841817D22409F51400E2CEDD /* SceneDelegate.swift */ = {isa = PBXFileReference; lastKnownFileType = sourcecode.swift; path = SceneDelegate.swift; sourceTree = "<group>"; };
		841817D42409F51400E2CEDD /* ViewController.swift */ = {isa = PBXFileReference; lastKnownFileType = sourcecode.swift; path = ViewController.swift; sourceTree = "<group>"; };
		841817D72409F51400E2CEDD /* Base */ = {isa = PBXFileReference; lastKnownFileType = file.storyboard; name = Base; path = Base.lproj/Main.storyboard; sourceTree = "<group>"; };
		841817D92409F51600E2CEDD /* Assets.xcassets */ = {isa = PBXFileReference; lastKnownFileType = folder.assetcatalog; path = Assets.xcassets; sourceTree = "<group>"; };
		841817DC2409F51600E2CEDD /* Base */ = {isa = PBXFileReference; lastKnownFileType = file.storyboard; name = Base; path = Base.lproj/LaunchScreen.storyboard; sourceTree = "<group>"; };
		841817DE2409F51600E2CEDD /* Info.plist */ = {isa = PBXFileReference; lastKnownFileType = text.plist.xml; path = Info.plist; sourceTree = "<group>"; };
/* End PBXFileReference section */

/* Begin PBXFrameworksBuildPhase section */
		841817CA2409F51400E2CEDD /* Frameworks */ = {
			isa = PBXFrameworksBuildPhase;
			buildActionMask = 2147483647;
			files = (
			);
			runOnlyForDeploymentPostprocessing = 0;
		};
/* End PBXFrameworksBuildPhase section */

/* Begin PBXGroup section */
		841817C42409F51400E2CEDD = {
			isa = PBXGroup;
			children = (
				841817CF2409F51400E2CEDD /* FoodTrackFirst1 */,
				841817CE2409F51400E2CEDD /* Products */,
			);
			sourceTree = "<group>";
		};
		841817CE2409F51400E2CEDD /* Products */ = {
			isa = PBXGroup;
			children = (
				841817CD2409F51400E2CEDD /* FoodTrackFirst1.app */,
			);
			name = Products;
			sourceTree = "<group>";
			wrapsLines = 1;
		};
		841817CF2409F51400E2CEDD /* FoodTrackFirst1 */ = {
			isa = PBXGroup;
			children = (
				841817D02409F51400E2CEDD /* AppDelegate.swift */,
				841817D22409F51400E2CEDD /* SceneDelegate.swift */,
				841817D42409F51400E2CEDD /* ViewController.swift */,
				841817D62409F51400E2CEDD /* Main.storyboard */,
				841817D92409F51600E2CEDD /* Assets.xcassets */,
				841817DB2409F51600E2CEDD /* LaunchScreen.storyboard */,
				841817DE2409F51600E2CEDD /* Info.plist */,
			);
			path = FoodTrackFirst1;
			sourceTree = "<group>";
		};
/* End PBXGroup section */

/* Begin PBXNativeTarget section */
		841817CC2409F51400E2CEDD /* FoodTrackFirst1 */ = {
			isa = PBXNativeTarget;
			buildConfigurationList = 841817E12409F51600E2CEDD /* Build configuration list for PBXNativeTarget "FoodTrackFirst1" */;
			buildPhases = (
				841817C92409F51400E2CEDD /* Sources */,
				841817CA2409F51400E2CEDD /* Frameworks */,
				841817CB2409F51400E2CEDD /* Resources */,
			);
			buildRules = (
			);
			dependencies = (
			);
			name = FoodTrackFirst1;
			productName = FoodTrackFirst1;
			productReference = 841817CD2409F51400E2CEDD /* FoodTrackFirst1.app */;
			productType = "com.apple.product-type.application";
		};
/* End PBXNativeTarget section */

/* Begin PBXProject section */
		841817C52409F51400E2CEDD /* Project object */ = {
			isa = PBXProject;
			attributes = {
				LastSwiftUpdateCheck = 1100;
				LastUpgradeCheck = 1100;
				ORGANIZATIONNAME = Long;
				TargetAttributes = {
					841817CC2409F51400E2CEDD = {
						CreatedOnToolsVersion = 11.0;
					};
				};
			};
			buildConfigurationList = 841817C82409F51400E2CEDD /* Build configuration list for PBXProject "FoodTrackFirst1" */;
			compatibilityVersion = "Xcode 9.3";
			developmentRegion = en;
			hasScannedForEncodings = 0;
			knownRegions = (
				en,
				Base,
			);
			mainGroup = 841817C42409F51400E2CEDD;
			productRefGroup = 841817CE2409F51400E2CEDD /* Products */;
			projectDirPath = "";
			projectRoot = "";
			targets = (
				841817CC2409F51400E2CEDD /* FoodTrackFirst1 */,
			);
		};
/* End PBXProject section */

/* Begin PBXResourcesBuildPhase section */
		841817CB2409F51400E2CEDD /* Resources */ = {
			isa = PBXResourcesBuildPhase;
			buildActionMask = 2147483647;
			files = (
				841817DD2409F51600E2CEDD /* LaunchScreen.storyboard in Resources */,
				841817DA2409F51600E2CEDD /* Assets.xcassets in Resources */,
				841817D82409F51400E2CEDD /* Main.storyboard in Resources */,
			);
			runOnlyForDeploymentPostprocessing = 0;
		};
/* End PBXResourcesBuildPhase section */

/* Begin PBXSourcesBuildPhase section */
		841817C92409F51400E2CEDD /* Sources */ = {
			isa = PBXSourcesBuildPhase;
			buildActionMask = 2147483647;
			files = (
				841817D52409F51400E2CEDD /* ViewController.swift in Sources */,
				841817D12409F51400E2CEDD /* AppDelegate.swift in Sources */,
				841817D32409F51400E2CEDD /* SceneDelegate.swift in Sources */,
			);
			runOnlyForDeploymentPostprocessing = 0;
		};
/* End PBXSourcesBuildPhase section */

/* Begin PBXVariantGroup section */
		841817D62409F51400E2CEDD /* Main.storyboard */ = {
			isa = PBXVariantGroup;
			children = (
				841817D72409F51400E2CEDD /* Base */,
			);
			name = Main.storyboard;
			sourceTree = "<group>";
		};
		841817DB2409F51600E2CEDD /* LaunchScreen.storyboard */ = {
			isa = PBXVariantGroup;
			children = (
				841817DC2409F51600E2CEDD /* Base */,
			);
			name = LaunchScreen.storyboard;
			sourceTree = "<group>";
		};
/* End PBXVariantGroup section */

/* Begin XCBuildConfiguration section */
		841817DF2409F51600E2CEDD /* Debug */ = {
			isa = XCBuildConfiguration;
			buildSettings = {
				ALWAYS_SEARCH_USER_PATHS = NO;
				CLANG_ANALYZER_NONNULL = YES;
				CLANG_ANALYZER_NUMBER_OBJECT_CONVERSION = YES_AGGRESSIVE;
				CLANG_CXX_LANGUAGE_STANDARD = "gnu++14";
				CLANG_CXX_LIBRARY = "libc++";
				CLANG_ENABLE_MODULES = YES;
				CLANG_ENABLE_OBJC_ARC = YES;
				CLANG_ENABLE_OBJC_WEAK = YES;
				CLANG_WARN_BLOCK_CAPTURE_AUTORELEASING = YES;
				CLANG_WARN_BOOL_CONVERSION = YES;
				CLANG_WARN_COMMA = YES;
				CLANG_WARN_CONSTANT_CONVERSION = YES;
				CLANG_WARN_DEPRECATED_OBJC_IMPLEMENTATIONS = YES;
				CLANG_WARN_DIRECT_OBJC_ISA_USAGE = YES_ERROR;
				CLANG_WARN_DOCUMENTATION_COMMENTS = YES;
				CLANG_WARN_EMPTY_BODY = YES;
				CLANG_WARN_ENUM_CONVERSION = YES;
				CLANG_WARN_INFINITE_RECURSION = YES;
				CLANG_WARN_INT_CONVERSION = YES;
				CLANG_WARN_NON_LITERAL_NULL_CONVERSION = YES;
				CLANG_WARN_OBJC_IMPLICIT_RETAIN_SELF = YES;
				CLANG_WARN_OBJC_LITERAL_CONVERSION = YES;
				CLANG_WARN_OBJC_ROOT_CLASS = YES_ERROR;
				CLANG_WARN_RANGE_LOOP_ANALYSIS = YES;
				CLANG_WARN_STRICT_PROTOTYPES = YES;
				CLANG_WARN_SUSPICIOUS_MOVE = YES;
				CLANG_WARN_UNGUARDED_AVAILABILITY = YES_AGGRESSIVE;
				CLANG_WARN_UNREACHABLE_CODE = YES;
				CLANG_WARN__DUPLICATE_METHOD_MATCH = YES;
				COPY_PHASE_STRIP = NO;
				DEBUG_INFORMATION_FORMAT = dwarf;
				ENABLE_STRICT_OBJC_MSGSEND = YES;
				ENABLE_TESTABILITY = YES;
				GCC_C_LANGUAGE_STANDARD = gnu11;
				GCC_DYNAMIC_NO_PIC = NO;
				GCC_NO_COMMON_BLOCKS = YES;
				GCC_OPTIMIZATION_LEVEL = 0;
				GCC_PREPROCESSOR_DEFINITIONS = (
					"DEBUG=1",
					"$(inherited)",
				);
				GCC_WARN_64_TO_32_BIT_CONVERSION = YES;
				GCC_WARN_ABOUT_RETURN_TYPE = YES_ERROR;
				GCC_WARN_UNDECLARED_SELECTOR = YES;
				GCC_WARN_UNINITIALIZED_AUTOS = YES_AGGRESSIVE;
				GCC_WARN_UNUSED_FUNCTION = YES;
				GCC_WARN_UNUSED_VARIABLE = YES;
				IPHONEOS_DEPLOYMENT_TARGET = 13.0;
				MTL_ENABLE_DEBUG_INFO = INCLUDE_SOURCE;
				MTL_FAST_MATH = YES;
				ONLY_ACTIVE_ARCH = YES;
				SDKROOT = iphoneos;
				SWIFT_ACTIVE_COMPILATION_CONDITIONS = DEBUG;
				SWIFT_OPTIMIZATION_LEVEL = "-Onone";
			};
			name = Debug;
		};
		841817E02409F51600E2CEDD /* Release */ = {
			isa = XCBuildConfiguration;
			buildSettings = {
				ALWAYS_SEARCH_USER_PATHS = NO;
				CLANG_ANALYZER_NONNULL = YES;
				CLANG_ANALYZER_NUMBER_OBJECT_CONVERSION = YES_AGGRESSIVE;
				CLANG_CXX_LANGUAGE_STANDARD = "gnu++14";
				CLANG_CXX_LIBRARY = "libc++";
				CLANG_ENABLE_MODULES = YES;
				CLANG_ENABLE_OBJC_ARC = YES;
				CLANG_ENABLE_OBJC_WEAK = YES;
				CLANG_WARN_BLOCK_CAPTURE_AUTORELEASING = YES;
				CLANG_WARN_BOOL_CONVERSION = YES;
				CLANG_WARN_COMMA = YES;
				CLANG_WARN_CONSTANT_CONVERSION = YES;
				CLANG_WARN_DEPRECATED_OBJC_IMPLEMENTATIONS = YES;
				CLANG_WARN_DIRECT_OBJC_ISA_USAGE = YES_ERROR;
				CLANG_WARN_DOCUMENTATION_COMMENTS = YES;
				CLANG_WARN_EMPTY_BODY = YES;
				CLANG_WARN_ENUM_CONVERSION = YES;
				CLANG_WARN_INFINITE_RECURSION = YES;
				CLANG_WARN_INT_CONVERSION = YES;
				CLANG_WARN_NON_LITERAL_NULL_CONVERSION = YES;
				CLANG_WARN_OBJC_IMPLICIT_RETAIN_SELF = YES;
				CLANG_WARN_OBJC_LITERAL_CONVERSION = YES;
				CLANG_WARN_OBJC_ROOT_CLASS = YES_ERROR;
				CLANG_WARN_RANGE_LOOP_ANALYSIS = YES;
				CLANG_WARN_STRICT_PROTOTYPES = YES;
				CLANG_WARN_SUSPICIOUS_MOVE = YES;
				CLANG_WARN_UNGUARDED_AVAILABILITY = YES_AGGRESSIVE;
				CLANG_WARN_UNREACHABLE_CODE = YES;
				CLANG_WARN__DUPLICATE_METHOD_MATCH = YES;
				COPY_PHASE_STRIP = NO;
				DEBUG_INFORMATION_FORMAT = "dwarf-with-dsym";
				ENABLE_NS_ASSERTIONS = NO;
				ENABLE_STRICT_OBJC_MSGSEND = YES;
				GCC_C_LANGUAGE_STANDARD = gnu11;
				GCC_NO_COMMON_BLOCKS = YES;
				GCC_WARN_64_TO_32_BIT_CONVERSION = YES;
				GCC_WARN_ABOUT_RETURN_TYPE = YES_ERROR;
				GCC_WARN_UNDECLARED_SELECTOR = YES;
				GCC_WARN_UNINITIALIZED_AUTOS = YES_AGGRESSIVE;
				GCC_WARN_UNUSED_FUNCTION = YES;
				GCC_WARN_UNUSED_VARIABLE = YES;
				IPHONEOS_DEPLOYMENT_TARGET = 13.0;
				MTL_ENABLE_DEBUG_INFO = NO;
				MTL_FAST_MATH = YES;
				SDKROOT = iphoneos;
				SWIFT_COMPILATION_MODE = wholemodule;
				SWIFT_OPTIMIZATION_LEVEL = "-O";
				VALIDATE_PRODUCT = YES;
			};
			name = Release;
		};
		841817E22409F51600E2CEDD /* Debug */ = {
			isa = XCBuildConfiguration;
			buildSettings = {
				ASSETCATALOG_COMPILER_APPICON_NAME = AppIcon;
				CODE_SIGN_STYLE = Automatic;
				INFOPLIST_FILE = FoodTrackFirst1/Info.plist;
				LD_RUNPATH_SEARCH_PATHS = (
					"$(inherited)",
					"@executable_path/Frameworks",
				);
				PRODUCT_BUNDLE_IDENTIFIER = Long.FoodTrackFirst1;
				PRODUCT_NAME = "$(TARGET_NAME)";
				SWIFT_VERSION = 5.0;
				TARGETED_DEVICE_FAMILY = "1,2";
			};
			name = Debug;
		};
		841817E32409F51600E2CEDD /* Release */ = {
			isa = XCBuildConfiguration;
			buildSettings = {
				ASSETCATALOG_COMPILER_APPICON_NAME = AppIcon;
				CODE_SIGN_STYLE = Automatic;
				INFOPLIST_FILE = FoodTrackFirst1/Info.plist;
				LD_RUNPATH_SEARCH_PATHS = (
					"$(inherited)",
					"@executable_path/Frameworks",
				);
				PRODUCT_BUNDLE_IDENTIFIER = Long.FoodTrackFirst1;
				PRODUCT_NAME = "$(TARGET_NAME)";
				SWIFT_VERSION = 5.0;
				TARGETED_DEVICE_FAMILY = "1,2";
			};
			name = Release;
		};
/* End XCBuildConfiguration section */

/* Begin XCConfigurationList section */
		841817C82409F51400E2CEDD /* Build configuration list for PBXProject "FoodTrackFirst1" */ = {
			isa = XCConfigurationList;
			buildConfigurations = (
				841817DF2409F51600E2CEDD /* Debug */,
				841817E02409F51600E2CEDD /* Release */,
			);
			defaultConfigurationIsVisible = 0;
			defaultConfigurationName = Release;
		};
		841817E12409F51600E2CEDD /* Build configuration list for PBXNativeTarget "FoodTrackFirst1" */ = {
			isa = XCConfigurationList;
			buildConfigurations = (
				841817E22409F51600E2CEDD /* Debug */,
				841817E32409F51600E2CEDD /* Release */,
			);
			defaultConfigurationIsVisible = 0;
			defaultConfigurationName = Release;
		};
/* End XCConfigurationList section */
	};
	rootObject = 841817C52409F51400E2CEDD /* Project object */;
}
